{
  "name": "goodreads-rss",
  "version": "1.0.0",
  "lockfileVersion": 1,
  "requires": true,
  "dependencies": {
    "clarinet": {
      "version": "0.12.0",
      "resolved": "https://registry.npmjs.org/clarinet/-/clarinet-0.12.0.tgz",
      "integrity": "sha1-AB0X4iEkpi2xsXTZODQg/8kzrq8="
    },
    "eventyoshi": {
      "version": "0.2.1",
      "resolved": "https://registry.npmjs.org/eventyoshi/-/eventyoshi-0.2.1.tgz",
      "integrity": "sha512-74HGaBn3Okqlv+mLFBRgqAgG5X8FvmHzrAZcJ7SG8nZZiLgRR2or0kJrkJ3GT5NncQDwHYh/sO7Cpzne+Ep2LA=="
    },
    "feedme": {
      "version": "1.2.0",
      "resolved": "https://registry.npmjs.org/feedme/-/feedme-1.2.0.tgz",
      "integrity": "sha512-GNaewCsb6eWTgWqvxnGCYm6MkYrRSlXyqNhJRbdX7ku2Ubks3Vlg0cveea+gnK3mYh4pjfMQpzWpYyFl2RvILw==",
      "requires": {
        "clarinet": "0.12.0",
        "eventyoshi": "0.2.1",
        "sax": "1.2.4"
      }
    },
    "sax": {
      "version": "1.2.4",
      "resolved": "https://registry.npmjs.org/sax/-/sax-1.2.4.tgz",
      "integrity": "sha512-NqVDv9TpANUjFm0N8uM5GxL36UgKi9/atZw+x7YFnQ8ckwFGKrl4xX4yWtrey3UJm5nP1kUbnYgLopqWNSRhWw=="
    }
  }
}
